
Microsoft Visual Studio Solution File, Format Version 12.00
# Visual Studio 15
VisualStudioVersion = 15.0.28307.136
MinimumVisualStudioVersion = 10.0.40219.1
Project("{FAE04EC0-301F-11D3-BF4B-00C04F79EFBC}") = "Http", "Http\Http.csproj", "{7DEDB591-1AE1-46CD-BFD5-A60D56638006}"
EndProject
Global
	GlobalSection(SolutionConfigurationPlatforms) = preSolution
		Debug|Any CPU = Debug|Any CPU
		Release|Any CPU = Release|Any CPU
	EndGlobalSection
	GlobalSection(ProjectConfigurationPlatforms) = postSolution
		{7DEDB591-1AE1-46CD-BFD5-A60D56638006}.Debug|Any CPU.ActiveCfg = Debug|Any CPU
		{7DEDB591-1AE1-46CD-BFD5-A60D56638006}.Debug|Any CPU.Build.0 = Debug|Any CPU
		{7DEDB591-1AE1-46CD-BFD5-A60D56638006}.Release|Any CPU.ActiveCfg = Release|Any CPU
		{7DEDB591-1AE1-46CD-BFD5-A60D56638006}.Release|Any CPU.Build.0 = Release|Any CPU
	EndGlobalSection
	GlobalSection(SolutionProperties) = preSolution
		HideSolutionNode = FALSE
	EndGlobalSection
	GlobalSection(ExtensibilityGlobals) = postSolution
		SolutionGuid = {C89A8B70-2848-4E67-9D69-F0C9323F7A1F}
	EndGlobalSection
EndGlobal
